dependencies:
  lodash: 4.17.11
devDependencies:
  '@rollup/plugin-json': 4.1.0_rollup@1.7.0
  rollup: 1.7.0
lockfileVersion: 5.2
packages:
  /@rollup/plugin-json/4.1.0_rollup@1.7.0:
    dependencies:
      '@rollup/pluginutils': 3.1.0_rollup@1.7.0
      rollup: 1.7.0
    dev: true
    peerDependencies:
      rollup: ^1.20.0 || ^2.0.0
    resolution:
      integrity: sha512-yfLbTdNS6amI/2OpmbiBoW12vngr5NW2jCJVZSBEz+H5KfUJZ2M7sDjk0U6GOOdCWFVScShte29o9NezJ53TPw==
  /@rollup/pluginutils/3.1.0_rollup@1.7.0:
    dependencies:
      '@types/estree': 0.0.39
      estree-walker: 1.0.1
      picomatch: 2.3.0
      rollup: 1.7.0
    dev: true
    engines:
      node: '>= 8.0.0'
    peerDependencies:
      rollup: ^1.20.0||^2.0.0
    resolution:
      integrity: sha512-GksZ6pr6TpIjHm8h9lSQ8pi8BE9VeubNT0OMJ3B5uZJ8pz73NPiqOtCog/x2/QzM1ENChPKxMDhiQuRHsqc+lg==
  /@types/estree/0.0.39:
    dev: true
    resolution:
      integrity: sha512-EYNwp3bU+98cpU4lAWYYL7Zz+2gryWH1qbdDTidVd6hkiR6weksdbMadyXKXNPEkQFhXM+hVO9ZygomHXp+AIw==
  /@types/node/11.15.54:
    dev: true
    resolution:
      integrity: sha512-1RWYiq+5UfozGsU6MwJyFX6BtktcT10XRjvcAQmskCtMcW3tPske88lM/nHv7BQG1w9KBXI1zPGuu5PnNCX14g==
  /acorn/6.4.2:
    dev: true
    engines:
      node: '>=0.4.0'
    hasBin: true
    resolution:
      integrity: sha512-XtGIhXwF8YM8bJhGxG5kXgjkEuNGLTkoYqVE+KMR+aspr4KGYmKYg7yUe3KghyQ9yheNwLnjmzh/7+gfDBmHCQ==
  /estree-walker/1.0.1:
    dev: true
    resolution:
      integrity: sha512-1fMXF3YP4pZZVozF8j/ZLfvnR8NSIljt56UhbZ5PeeDmmGHpgpdwQt7ITlGvYaQukCvuBRMLEiKiYC+oeIg4cg==
  /lodash/4.17.11:
    dev: false
    resolution:
      integrity: sha512-cQKh8igo5QUhZ7lg38DYWAxMvjSAKG0A8wGSVimP07SIUEK2UO+arSRKbRZWtelMtN5V0Hkwh5ryOto/SshYIg==
  /picomatch/2.3.0:
    dev: true
    engines:
      node: '>=8.6'
    resolution:
      integrity: sha512-lY1Q/PiJGC2zOv/z391WOTD+Z02bCgsFfvxoXXf6h7kv9o+WmsmzYqrAwY63sNgOxE4xEdq0WyUnXfKeBrSvYw==
  /rollup/1.7.0:
    dependencies:
      '@types/estree': 0.0.39
      '@types/node': 11.15.54
      acorn: 6.4.2
    dev: true
    hasBin: true
    resolution:
      integrity: sha512-hjuWSCgoQsFSTsmsNP4AH1l1kfkFqW82gW00V9nL81Zr3JtnKn3rvxh18jUAAEMb7qNoHj21PR5SqbK2mhBgMg==
specifiers:
  '@rollup/plugin-json': 4.1.0
  lodash: 4.17.11
  rollup: 1.7.0
